
Microsoft Visual Studio Solution File, Format Version 12.00
# Visual Studio 15
VisualStudioVersion = 15.0.27703.2047
MinimumVisualStudioVersion = 10.0.40219.1
Project("{FAE04EC0-301F-11D3-BF4B-00C04F79EFBC}") = "Sales_Local.Android", "Sales_Local\Sales_Local.Android\Sales_Local.Android.csproj", "{4CD4EC1A-83D7-41F2-B4F8-61EE2B1CD36C}"
EndProject
Project("{FAE04EC0-301F-11D3-BF4B-00C04F79EFBC}") = "Sales_Local.iOS", "Sales_Local\Sales_Local.iOS\Sales_Local.iOS.csproj", "{AF498102-B6F0-4C53-BBC2-48021BA2AA02}"
EndProject
Project("{9A19103F-16F7-4668-BE54-9A1E7A4F7556}") = "Sales_Local", "Sales_Local\Sales_Local\Sales_Local.csproj", "{76DE940D-F495-4BEC-9BD8-17CFC9EC06A7}"
EndProject
Project("{FAE04EC0-301F-11D3-BF4B-00C04F79EFBC}") = "Sales_Local.Backend", "Sales_Local.Backend\Sales_Local.Backend.csproj", "{1399216B-3391-4CE8-96B7-89A4582F6870}"
EndProject
Project("{FAE04EC0-301F-11D3-BF4B-00C04F79EFBC}") = "Sales_Local.Common", "Sales_Local.Common\Sales_Local.Common.csproj", "{63CF51CA-AC5C-415B-8FA7-B0302A334A08}"
EndProject
Project("{FAE04EC0-301F-11D3-BF4B-00C04F79EFBC}") = "Sales_Local.Domain", "Sales_Local.Domain\Sales_Local.Domain.csproj", "{B677F027-7A35-4A08-9B2C-3756468DFF7F}"
EndProject
Project("{FAE04EC0-301F-11D3-BF4B-00C04F79EFBC}") = "Sales_Local.API", "Sales_Local.API\Sales_Local.API.csproj", "{ED4EC168-C255-43C6-8A32-9DF0C94CA8CC}"
EndProject
Global
	GlobalSection(SolutionConfigurationPlatforms) = preSolution
		Ad-Hoc|Any CPU = Ad-Hoc|Any CPU
		Ad-Hoc|iPhone = Ad-Hoc|iPhone
		Ad-Hoc|iPhoneSimulator = Ad-Hoc|iPhoneSimulator
		AppStore|Any CPU = AppStore|Any CPU
		AppStore|iPhone = AppStore|iPhone
		AppStore|iPhoneSimulator = AppStore|iPhoneSimulator
		Debug|Any CPU = Debug|Any CPU
		Debug|iPhone = Debug|iPhone
		Debug|iPhoneSimulator = Debug|iPhoneSimulator
		Release|Any CPU = Release|Any CPU
		Release|iPhone = Release|iPhone
		Release|iPhoneSimulator = Release|iPhoneSimulator
	EndGlobalSection
	GlobalSection(ProjectConfigurationPlatforms) = postSolution
		{4CD4EC1A-83D7-41F2-B4F8-61EE2B1CD36C}.Ad-Hoc|Any CPU.ActiveCfg = Release|Any CPU
		{4CD4EC1A-83D7-41F2-B4F8-61EE2B1CD36C}.Ad-Hoc|Any CPU.Build.0 = Release|Any CPU
		{4CD4EC1A-83D7-41F2-B4F8-61EE2B1CD36C}.Ad-Hoc|Any CPU.Deploy.0 = Release|Any CPU
		{4CD4EC1A-83D7-41F2-B4F8-61EE2B1CD36C}.Ad-Hoc|iPhone.ActiveCfg = Release|Any CPU
		{4CD4EC1A-83D7-41F2-B4F8-61EE2B1CD36C}.Ad-Hoc|iPhone.Build.0 = Release|Any CPU
		{4CD4EC1A-83D7-41F2-B4F8-61EE2B1CD36C}.Ad-Hoc|iPhone.Deploy.0 = Release|Any CPU
		{4CD4EC1A-83D7-41F2-B4F8-61EE2B1CD36C}.Ad-Hoc|iPhoneSimulator.ActiveCfg = Release|Any CPU
		{4CD4EC1A-83D7-41F2-B4F8-61EE2B1CD36C}.Ad-Hoc|iPhoneSimulator.Build.0 = Release|Any CPU
		{4CD4EC1A-83D7-41F2-B4F8-61EE2B1CD36C}.Ad-Hoc|iPhoneSimulator.Deploy.0 = Release|Any CPU
		{4CD4EC1A-83D7-41F2-B4F8-61EE2B1CD36C}.AppStore|Any CPU.ActiveCfg = Release|Any CPU
		{4CD4EC1A-83D7-41F2-B4F8-61EE2B1CD36C}.AppStore|Any CPU.Build.0 = Release|Any CPU
		{4CD4EC1A-83D7-41F2-B4F8-61EE2B1CD36C}.AppStore|Any CPU.Deploy.0 = Release|Any CPU
		{4CD4EC1A-83D7-41F2-B4F8-61EE2B1CD36C}.AppStore|iPhone.ActiveCfg = Release|Any CPU
		{4CD4EC1A-83D7-41F2-B4F8-61EE2B1CD36C}.AppStore|iPhone.Build.0 = Release|Any CPU
		{4CD4EC1A-83D7-41F2-B4F8-61EE2B1CD36C}.AppStore|iPhone.Deploy.0 = Release|Any CPU
		{4CD4EC1A-83D7-41F2-B4F8-61EE2B1CD36C}.AppStore|iPhoneSimulator.ActiveCfg = Release|Any CPU
		{4CD4EC1A-83D7-41F2-B4F8-61EE2B1CD36C}.AppStore|iPhoneSimulator.Build.0 = Release|Any CPU
		{4CD4EC1A-83D7-41F2-B4F8-61EE2B1CD36C}.AppStore|iPhoneSimulator.Deploy.0 = Release|Any CPU
		{4CD4EC1A-83D7-41F2-B4F8-61EE2B1CD36C}.Debug|Any CPU.ActiveCfg = Debug|Any CPU
		{4CD4EC1A-83D7-41F2-B4F8-61EE2B1CD36C}.Debug|Any CPU.Build.0 = Debug|Any CPU
		{4CD4EC1A-83D7-41F2-B4F8-61EE2B1CD36C}.Debug|Any CPU.Deploy.0 = Debug|Any CPU
		{4CD4EC1A-83D7-41F2-B4F8-61EE2B1CD36C}.Debug|iPhone.ActiveCfg = Debug|Any CPU
		{4CD4EC1A-83D7-41F2-B4F8-61EE2B1CD36C}.Debug|iPhone.Build.0 = Debug|Any CPU
		{4CD4EC1A-83D7-41F2-B4F8-61EE2B1CD36C}.Debug|iPhone.Deploy.0 = Debug|Any CPU
		{4CD4EC1A-83D7-41F2-B4F8-61EE2B1CD36C}.Debug|iPhoneSimulator.ActiveCfg = Debug|Any CPU
		{4CD4EC1A-83D7-41F2-B4F8-61EE2B1CD36C}.Debug|iPhoneSimulator.Build.0 = Debug|Any CPU
		{4CD4EC1A-83D7-41F2-B4F8-61EE2B1CD36C}.Debug|iPhoneSimulator.Deploy.0 = Debug|Any CPU
		{4CD4EC1A-83D7-41F2-B4F8-61EE2B1CD36C}.Release|Any CPU.ActiveCfg = Release|Any CPU
		{4CD4EC1A-83D7-41F2-B4F8-61EE2B1CD36C}.Release|Any CPU.Build.0 = Release|Any CPU
		{4CD4EC1A-83D7-41F2-B4F8-61EE2B1CD36C}.Release|Any CPU.Deploy.0 = Release|Any CPU
		{4CD4EC1A-83D7-41F2-B4F8-61EE2B1CD36C}.Release|iPhone.ActiveCfg = Release|Any CPU
		{4CD4EC1A-83D7-41F2-B4F8-61EE2B1CD36C}.Release|iPhone.Build.0 = Release|Any CPU
		{4CD4EC1A-83D7-41F2-B4F8-61EE2B1CD36C}.Release|iPhone.Deploy.0 = Release|Any CPU
		{4CD4EC1A-83D7-41F2-B4F8-61EE2B1CD36C}.Release|iPhoneSimulator.ActiveCfg = Release|Any CPU
		{4CD4EC1A-83D7-41F2-B4F8-61EE2B1CD36C}.Release|iPhoneSimulator.Build.0 = Release|Any CPU
		{4CD4EC1A-83D7-41F2-B4F8-61EE2B1CD36C}.Release|iPhoneSimulator.Deploy.0 = Release|Any CPU
		{AF498102-B6F0-4C53-BBC2-48021BA2AA02}.Ad-Hoc|Any CPU.ActiveCfg = Ad-Hoc|iPhone
		{AF498102-B6F0-4C53-BBC2-48021BA2AA02}.Ad-Hoc|Any CPU.Build.0 = Ad-Hoc|iPhone
		{AF498102-B6F0-4C53-BBC2-48021BA2AA02}.Ad-Hoc|Any CPU.Deploy.0 = Ad-Hoc|iPhone
		{AF498102-B6F0-4C53-BBC2-48021BA2AA02}.Ad-Hoc|iPhone.ActiveCfg = Ad-Hoc|iPhone
		{AF498102-B6F0-4C53-BBC2-48021BA2AA02}.Ad-Hoc|iPhone.Build.0 = Ad-Hoc|iPhone
		{AF498102-B6F0-4C53-BBC2-48021BA2AA02}.Ad-Hoc|iPhone.Deploy.0 = Ad-Hoc|iPhone
		{AF498102-B6F0-4C53-BBC2-48021BA2AA02}.Ad-Hoc|iPhoneSimulator.ActiveCfg = Ad-Hoc|iPhoneSimulator
		{AF498102-B6F0-4C53-BBC2-48021BA2AA02}.Ad-Hoc|iPhoneSimulator.Build.0 = Ad-Hoc|iPhoneSimulator
		{AF498102-B6F0-4C53-BBC2-48021BA2AA02}.Ad-Hoc|iPhoneSimulator.Deploy.0 = Ad-Hoc|iPhoneSimulator
		{AF498102-B6F0-4C53-BBC2-48021BA2AA02}.AppStore|Any CPU.ActiveCfg = AppStore|iPhone
		{AF498102-B6F0-4C53-BBC2-48021BA2AA02}.AppStore|Any CPU.Build.0 = AppStore|iPhone
		{AF498102-B6F0-4C53-BBC2-48021BA2AA02}.AppStore|Any CPU.Deploy.0 = AppStore|iPhone
		{AF498102-B6F0-4C53-BBC2-48021BA2AA02}.AppStore|iPhone.ActiveCfg = AppStore|iPhone
		{AF498102-B6F0-4C53-BBC2-48021BA2AA02}.AppStore|iPhone.Build.0 = AppStore|iPhone
		{AF498102-B6F0-4C53-BBC2-48021BA2AA02}.AppStore|iPhone.Deploy.0 = AppStore|iPhone
		{AF498102-B6F0-4C53-BBC2-48021BA2AA02}.AppStore|iPhoneSimulator.ActiveCfg = AppStore|iPhoneSimulator
		{AF498102-B6F0-4C53-BBC2-48021BA2AA02}.AppStore|iPhoneSimulator.Build.0 = AppStore|iPhoneSimulator
		{AF498102-B6F0-4C53-BBC2-48021BA2AA02}.AppStore|iPhoneSimulator.Deploy.0 = AppStore|iPhoneSimulator
		{AF498102-B6F0-4C53-BBC2-48021BA2AA02}.Debug|Any CPU.ActiveCfg = Debug|iPhoneSimulator
		{AF498102-B6F0-4C53-BBC2-48021BA2AA02}.Debug|Any CPU.Build.0 = Debug|iPhoneSimulator
		{AF498102-B6F0-4C53-BBC2-48021BA2AA02}.Debug|Any CPU.Deploy.0 = Debug|iPhoneSimulator
		{AF498102-B6F0-4C53-BBC2-48021BA2AA02}.Debug|iPhone.ActiveCfg = Debug|iPhone
		{AF498102-B6F0-4C53-BBC2-48021BA2AA02}.Debug|iPhone.Build.0 = Debug|iPhone
		{AF498102-B6F0-4C53-BBC2-48021BA2AA02}.Debug|iPhone.Deploy.0 = Debug|iPhone
		{AF498102-B6F0-4C53-BBC2-48021BA2AA02}.Debug|iPhoneSimulator.ActiveCfg = Debug|iPhoneSimulator
		{AF498102-B6F0-4C53-BBC2-48021BA2AA02}.Debug|iPhoneSimulator.Build.0 = Debug|iPhoneSimulator
		{AF498102-B6F0-4C53-BBC2-48021BA2AA02}.Debug|iPhoneSimulator.Deploy.0 = Debug|iPhoneSimulator
		{AF498102-B6F0-4C53-BBC2-48021BA2AA02}.Release|Any CPU.ActiveCfg = Release|iPhone
		{AF498102-B6F0-4C53-BBC2-48021BA2AA02}.Release|Any CPU.Build.0 = Release|iPhone
		{AF498102-B6F0-4C53-BBC2-48021BA2AA02}.Release|Any CPU.Deploy.0 = Release|iPhone
		{AF498102-B6F0-4C53-BBC2-48021BA2AA02}.Release|iPhone.ActiveCfg = Release|iPhone
		{AF498102-B6F0-4C53-BBC2-48021BA2AA02}.Release|iPhone.Build.0 = Release|iPhone
		{AF498102-B6F0-4C53-BBC2-48021BA2AA02}.Release|iPhone.Deploy.0 = Release|iPhone
		{AF498102-B6F0-4C53-BBC2-48021BA2AA02}.Release|iPhoneSimulator.ActiveCfg = Release|iPhoneSimulator
		{AF498102-B6F0-4C53-BBC2-48021BA2AA02}.Release|iPhoneSimulator.Build.0 = Release|iPhoneSimulator
		{AF498102-B6F0-4C53-BBC2-48021BA2AA02}.Release|iPhoneSimulator.Deploy.0 = Release|iPhoneSimulator
		{76DE940D-F495-4BEC-9BD8-17CFC9EC06A7}.Ad-Hoc|Any CPU.ActiveCfg = Debug|Any CPU
		{76DE940D-F495-4BEC-9BD8-17CFC9EC06A7}.Ad-Hoc|Any CPU.Build.0 = Debug|Any CPU
		{76DE940D-F495-4BEC-9BD8-17CFC9EC06A7}.Ad-Hoc|Any CPU.Deploy.0 = Debug|Any CPU
		{76DE940D-F495-4BEC-9BD8-17CFC9EC06A7}.Ad-Hoc|iPhone.ActiveCfg = Debug|Any CPU
		{76DE940D-F495-4BEC-9BD8-17CFC9EC06A7}.Ad-Hoc|iPhone.Build.0 = Debug|Any CPU
		{76DE940D-F495-4BEC-9BD8-17CFC9EC06A7}.Ad-Hoc|iPhone.Deploy.0 = Debug|Any CPU
		{76DE940D-F495-4BEC-9BD8-17CFC9EC06A7}.Ad-Hoc|iPhoneSimulator.ActiveCfg = Debug|Any CPU
		{76DE940D-F495-4BEC-9BD8-17CFC9EC06A7}.Ad-Hoc|iPhoneSimulator.Build.0 = Debug|Any CPU
		{76DE940D-F495-4BEC-9BD8-17CFC9EC06A7}.Ad-Hoc|iPhoneSimulator.Deploy.0 = Debug|Any CPU
		{76DE940D-F495-4BEC-9BD8-17CFC9EC06A7}.AppStore|Any CPU.ActiveCfg = Debug|Any CPU
		{76DE940D-F495-4BEC-9BD8-17CFC9EC06A7}.AppStore|Any CPU.Build.0 = Debug|Any CPU
		{76DE940D-F495-4BEC-9BD8-17CFC9EC06A7}.AppStore|Any CPU.Deploy.0 = Debug|Any CPU
		{76DE940D-F495-4BEC-9BD8-17CFC9EC06A7}.AppStore|iPhone.ActiveCfg = Debug|Any CPU
		{76DE940D-F495-4BEC-9BD8-17CFC9EC06A7}.AppStore|iPhone.Build.0 = Debug|Any CPU
		{76DE940D-F495-4BEC-9BD8-17CFC9EC06A7}.AppStore|iPhone.Deploy.0 = Debug|Any CPU
		{76DE940D-F495-4BEC-9BD8-17CFC9EC06A7}.AppStore|iPhoneSimulator.ActiveCfg = Debug|Any CPU
		{76DE940D-F495-4BEC-9BD8-17CFC9EC06A7}.AppStore|iPhoneSimulator.Build.0 = Debug|Any CPU
		{76DE940D-F495-4BEC-9BD8-17CFC9EC06A7}.AppStore|iPhoneSimulator.Deploy.0 = Debug|Any CPU
		{76DE940D-F495-4BEC-9BD8-17CFC9EC06A7}.Debug|Any CPU.ActiveCfg = Debug|Any CPU
		{76DE940D-F495-4BEC-9BD8-17CFC9EC06A7}.Debug|Any CPU.Build.0 = Debug|Any CPU
		{76DE940D-F495-4BEC-9BD8-17CFC9EC06A7}.Debug|Any CPU.Deploy.0 = Debug|Any CPU
		{76DE940D-F495-4BEC-9BD8-17CFC9EC06A7}.Debug|iPhone.ActiveCfg = Debug|Any CPU
		{76DE940D-F495-4BEC-9BD8-17CFC9EC06A7}.Debug|iPhone.Build.0 = Debug|Any CPU
		{76DE940D-F495-4BEC-9BD8-17CFC9EC06A7}.Debug|iPhone.Deploy.0 = Debug|Any CPU
		{76DE940D-F495-4BEC-9BD8-17CFC9EC06A7}.Debug|iPhoneSimulator.ActiveCfg = Debug|Any CPU
		{76DE940D-F495-4BEC-9BD8-17CFC9EC06A7}.Debug|iPhoneSimulator.Build.0 = Debug|Any CPU
		{76DE940D-F495-4BEC-9BD8-17CFC9EC06A7}.Debug|iPhoneSimulator.Deploy.0 = Debug|Any CPU
		{76DE940D-F495-4BEC-9BD8-17CFC9EC06A7}.Release|Any CPU.ActiveCfg = Release|Any CPU
		{76DE940D-F495-4BEC-9BD8-17CFC9EC06A7}.Release|Any CPU.Build.0 = Release|Any CPU
		{76DE940D-F495-4BEC-9BD8-17CFC9EC06A7}.Release|Any CPU.Deploy.0 = Release|Any CPU
		{76DE940D-F495-4BEC-9BD8-17CFC9EC06A7}.Release|iPhone.ActiveCfg = Release|Any CPU
		{76DE940D-F495-4BEC-9BD8-17CFC9EC06A7}.Release|iPhone.Build.0 = Release|Any CPU
		{76DE940D-F495-4BEC-9BD8-17CFC9EC06A7}.Release|iPhone.Deploy.0 = Release|Any CPU
		{76DE940D-F495-4BEC-9BD8-17CFC9EC06A7}.Release|iPhoneSimulator.ActiveCfg = Release|Any CPU
		{76DE940D-F495-4BEC-9BD8-17CFC9EC06A7}.Release|iPhoneSimulator.Build.0 = Release|Any CPU
		{76DE940D-F495-4BEC-9BD8-17CFC9EC06A7}.Release|iPhoneSimulator.Deploy.0 = Release|Any CPU
		{1399216B-3391-4CE8-96B7-89A4582F6870}.Ad-Hoc|Any CPU.ActiveCfg = Release|Any CPU
		{1399216B-3391-4CE8-96B7-89A4582F6870}.Ad-Hoc|Any CPU.Build.0 = Release|Any CPU
		{1399216B-3391-4CE8-96B7-89A4582F6870}.Ad-Hoc|iPhone.ActiveCfg = Release|Any CPU
		{1399216B-3391-4CE8-96B7-89A4582F6870}.Ad-Hoc|iPhone.Build.0 = Release|Any CPU
		{1399216B-3391-4CE8-96B7-89A4582F6870}.Ad-Hoc|iPhoneSimulator.ActiveCfg = Release|Any CPU
		{1399216B-3391-4CE8-96B7-89A4582F6870}.Ad-Hoc|iPhoneSimulator.Build.0 = Release|Any CPU
		{1399216B-3391-4CE8-96B7-89A4582F6870}.AppStore|Any CPU.ActiveCfg = Release|Any CPU
		{1399216B-3391-4CE8-96B7-89A4582F6870}.AppStore|Any CPU.Build.0 = Release|Any CPU
		{1399216B-3391-4CE8-96B7-89A4582F6870}.AppStore|iPhone.ActiveCfg = Release|Any CPU
		{1399216B-3391-4CE8-96B7-89A4582F6870}.AppStore|iPhone.Build.0 = Release|Any CPU
		{1399216B-3391-4CE8-96B7-89A4582F6870}.AppStore|iPhoneSimulator.ActiveCfg = Release|Any CPU
		{1399216B-3391-4CE8-96B7-89A4582F6870}.AppStore|iPhoneSimulator.Build.0 = Release|Any CPU
		{1399216B-3391-4CE8-96B7-89A4582F6870}.Debug|Any CPU.ActiveCfg = Debug|Any CPU
		{1399216B-3391-4CE8-96B7-89A4582F6870}.Debug|Any CPU.Build.0 = Debug|Any CPU
		{1399216B-3391-4CE8-96B7-89A4582F6870}.Debug|iPhone.ActiveCfg = Debug|Any CPU
		{1399216B-3391-4CE8-96B7-89A4582F6870}.Debug|iPhone.Build.0 = Debug|Any CPU
		{1399216B-3391-4CE8-96B7-89A4582F6870}.Debug|iPhoneSimulator.ActiveCfg = Debug|Any CPU
		{1399216B-3391-4CE8-96B7-89A4582F6870}.Debug|iPhoneSimulator.Build.0 = Debug|Any CPU
		{1399216B-3391-4CE8-96B7-89A4582F6870}.Release|Any CPU.ActiveCfg = Release|Any CPU
		{1399216B-3391-4CE8-96B7-89A4582F6870}.Release|Any CPU.Build.0 = Release|Any CPU
		{1399216B-3391-4CE8-96B7-89A4582F6870}.Release|iPhone.ActiveCfg = Release|Any CPU
		{1399216B-3391-4CE8-96B7-89A4582F6870}.Release|iPhone.Build.0 = Release|Any CPU
		{1399216B-3391-4CE8-96B7-89A4582F6870}.Release|iPhoneSimulator.ActiveCfg = Release|Any CPU
		{1399216B-3391-4CE8-96B7-89A4582F6870}.Release|iPhoneSimulator.Build.0 = Release|Any CPU
		{63CF51CA-AC5C-415B-8FA7-B0302A334A08}.Ad-Hoc|Any CPU.ActiveCfg = Release|Any CPU
		{63CF51CA-AC5C-415B-8FA7-B0302A334A08}.Ad-Hoc|Any CPU.Build.0 = Release|Any CPU
		{63CF51CA-AC5C-415B-8FA7-B0302A334A08}.Ad-Hoc|iPhone.ActiveCfg = Release|Any CPU
		{63CF51CA-AC5C-415B-8FA7-B0302A334A08}.Ad-Hoc|iPhone.Build.0 = Release|Any CPU
		{63CF51CA-AC5C-415B-8FA7-B0302A334A08}.Ad-Hoc|iPhoneSimulator.ActiveCfg = Release|Any CPU
		{63CF51CA-AC5C-415B-8FA7-B0302A334A08}.Ad-Hoc|iPhoneSimulator.Build.0 = Release|Any CPU
		{63CF51CA-AC5C-415B-8FA7-B0302A334A08}.AppStore|Any CPU.ActiveCfg = Release|Any CPU
		{63CF51CA-AC5C-415B-8FA7-B0302A334A08}.AppStore|Any CPU.Build.0 = Release|Any CPU
		{63CF51CA-AC5C-415B-8FA7-B0302A334A08}.AppStore|iPhone.ActiveCfg = Release|Any CPU
		{63CF51CA-AC5C-415B-8FA7-B0302A334A08}.AppStore|iPhone.Build.0 = Release|Any CPU
		{63CF51CA-AC5C-415B-8FA7-B0302A334A08}.AppStore|iPhoneSimulator.ActiveCfg = Release|Any CPU
		{63CF51CA-AC5C-415B-8FA7-B0302A334A08}.AppStore|iPhoneSimulator.Build.0 = Release|Any CPU
		{63CF51CA-AC5C-415B-8FA7-B0302A334A08}.Debug|Any CPU.ActiveCfg = Debug|Any CPU
		{63CF51CA-AC5C-415B-8FA7-B0302A334A08}.Debug|Any CPU.Build.0 = Debug|Any CPU
		{63CF51CA-AC5C-415B-8FA7-B0302A334A08}.Debug|iPhone.ActiveCfg = Debug|Any CPU
		{63CF51CA-AC5C-415B-8FA7-B0302A334A08}.Debug|iPhone.Build.0 = Debug|Any CPU
		{63CF51CA-AC5C-415B-8FA7-B0302A334A08}.Debug|iPhoneSimulator.ActiveCfg = Debug|Any CPU
		{63CF51CA-AC5C-415B-8FA7-B0302A334A08}.Debug|iPhoneSimulator.Build.0 = Debug|Any CPU
		{63CF51CA-AC5C-415B-8FA7-B0302A334A08}.Release|Any CPU.ActiveCfg = Release|Any CPU
		{63CF51CA-AC5C-415B-8FA7-B0302A334A08}.Release|Any CPU.Build.0 = Release|Any CPU
		{63CF51CA-AC5C-415B-8FA7-B0302A334A08}.Release|iPhone.ActiveCfg = Release|Any CPU
		{63CF51CA-AC5C-415B-8FA7-B0302A334A08}.Release|iPhone.Build.0 = Release|Any CPU
		{63CF51CA-AC5C-415B-8FA7-B0302A334A08}.Release|iPhoneSimulator.ActiveCfg = Release|Any CPU
		{63CF51CA-AC5C-415B-8FA7-B0302A334A08}.Release|iPhoneSimulator.Build.0 = Release|Any CPU
		{B677F027-7A35-4A08-9B2C-3756468DFF7F}.Ad-Hoc|Any CPU.ActiveCfg = Release|Any CPU
		{B677F027-7A35-4A08-9B2C-3756468DFF7F}.Ad-Hoc|Any CPU.Build.0 = Release|Any CPU
		{B677F027-7A35-4A08-9B2C-3756468DFF7F}.Ad-Hoc|iPhone.ActiveCfg = Release|Any CPU
		{B677F027-7A35-4A08-9B2C-3756468DFF7F}.Ad-Hoc|iPhone.Build.0 = Release|Any CPU
		{B677F027-7A35-4A08-9B2C-3756468DFF7F}.Ad-Hoc|iPhoneSimulator.ActiveCfg = Release|Any CPU
		{B677F027-7A35-4A08-9B2C-3756468DFF7F}.Ad-Hoc|iPhoneSimulator.Build.0 = Release|Any CPU
		{B677F027-7A35-4A08-9B2C-3756468DFF7F}.AppStore|Any CPU.ActiveCfg = Release|Any CPU
		{B677F027-7A35-4A08-9B2C-3756468DFF7F}.AppStore|Any CPU.Build.0 = Release|Any CPU
		{B677F027-7A35-4A08-9B2C-3756468DFF7F}.AppStore|iPhone.ActiveCfg = Release|Any CPU
		{B677F027-7A35-4A08-9B2C-3756468DFF7F}.AppStore|iPhone.Build.0 = Release|Any CPU
		{B677F027-7A35-4A08-9B2C-3756468DFF7F}.AppStore|iPhoneSimulator.ActiveCfg = Release|Any CPU
		{B677F027-7A35-4A08-9B2C-3756468DFF7F}.AppStore|iPhoneSimulator.Build.0 = Release|Any CPU
		{B677F027-7A35-4A08-9B2C-3756468DFF7F}.Debug|Any CPU.ActiveCfg = Debug|Any CPU
		{B677F027-7A35-4A08-9B2C-3756468DFF7F}.Debug|Any CPU.Build.0 = Debug|Any CPU
		{B677F027-7A35-4A08-9B2C-3756468DFF7F}.Debug|iPhone.ActiveCfg = Debug|Any CPU
		{B677F027-7A35-4A08-9B2C-3756468DFF7F}.Debug|iPhone.Build.0 = Debug|Any CPU
		{B677F027-7A35-4A08-9B2C-3756468DFF7F}.Debug|iPhoneSimulator.ActiveCfg = Debug|Any CPU
		{B677F027-7A35-4A08-9B2C-3756468DFF7F}.Debug|iPhoneSimulator.Build.0 = Debug|Any CPU
		{B677F027-7A35-4A08-9B2C-3756468DFF7F}.Release|Any CPU.ActiveCfg = Release|Any CPU
		{B677F027-7A35-4A08-9B2C-3756468DFF7F}.Release|Any CPU.Build.0 = Release|Any CPU
		{B677F027-7A35-4A08-9B2C-3756468DFF7F}.Release|iPhone.ActiveCfg = Release|Any CPU
		{B677F027-7A35-4A08-9B2C-3756468DFF7F}.Release|iPhone.Build.0 = Release|Any CPU
		{B677F027-7A35-4A08-9B2C-3756468DFF7F}.Release|iPhoneSimulator.ActiveCfg = Release|Any CPU
		{B677F027-7A35-4A08-9B2C-3756468DFF7F}.Release|iPhoneSimulator.Build.0 = Release|Any CPU
		{ED4EC168-C255-43C6-8A32-9DF0C94CA8CC}.Ad-Hoc|Any CPU.ActiveCfg = Release|Any CPU
		{ED4EC168-C255-43C6-8A32-9DF0C94CA8CC}.Ad-Hoc|Any CPU.Build.0 = Release|Any CPU
		{ED4EC168-C255-43C6-8A32-9DF0C94CA8CC}.Ad-Hoc|iPhone.ActiveCfg = Release|Any CPU
		{ED4EC168-C255-43C6-8A32-9DF0C94CA8CC}.Ad-Hoc|iPhone.Build.0 = Release|Any CPU
		{ED4EC168-C255-43C6-8A32-9DF0C94CA8CC}.Ad-Hoc|iPhoneSimulator.ActiveCfg = Release|Any CPU
		{ED4EC168-C255-43C6-8A32-9DF0C94CA8CC}.Ad-Hoc|iPhoneSimulator.Build.0 = Release|Any CPU
		{ED4EC168-C255-43C6-8A32-9DF0C94CA8CC}.AppStore|Any CPU.ActiveCfg = Release|Any CPU
		{ED4EC168-C255-43C6-8A32-9DF0C94CA8CC}.AppStore|Any CPU.Build.0 = Release|Any CPU
		{ED4EC168-C255-43C6-8A32-9DF0C94CA8CC}.AppStore|iPhone.ActiveCfg = Release|Any CPU
		{ED4EC168-C255-43C6-8A32-9DF0C94CA8CC}.AppStore|iPhone.Build.0 = Release|Any CPU
		{ED4EC168-C255-43C6-8A32-9DF0C94CA8CC}.AppStore|iPhoneSimulator.ActiveCfg = Release|Any CPU
		{ED4EC168-C255-43C6-8A32-9DF0C94CA8CC}.AppStore|iPhoneSimulator.Build.0 = Release|Any CPU
		{ED4EC168-C255-43C6-8A32-9DF0C94CA8CC}.Debug|Any CPU.ActiveCfg = Debug|Any CPU
		{ED4EC168-C255-43C6-8A32-9DF0C94CA8CC}.Debug|Any CPU.Build.0 = Debug|Any CPU
		{ED4EC168-C255-43C6-8A32-9DF0C94CA8CC}.Debug|iPhone.ActiveCfg = Debug|Any CPU
		{ED4EC168-C255-43C6-8A32-9DF0C94CA8CC}.Debug|iPhone.Build.0 = Debug|Any CPU
		{ED4EC168-C255-43C6-8A32-9DF0C94CA8CC}.Debug|iPhoneSimulator.ActiveCfg = Debug|Any CPU
		{ED4EC168-C255-43C6-8A32-9DF0C94CA8CC}.Debug|iPhoneSimulator.Build.0 = Debug|Any CPU
		{ED4EC168-C255-43C6-8A32-9DF0C94CA8CC}.Release|Any CPU.ActiveCfg = Release|Any CPU
		{ED4EC168-C255-43C6-8A32-9DF0C94CA8CC}.Release|Any CPU.Build.0 = Release|Any CPU
		{ED4EC168-C255-43C6-8A32-9DF0C94CA8CC}.Release|iPhone.ActiveCfg = Release|Any CPU
		{ED4EC168-C255-43C6-8A32-9DF0C94CA8CC}.Release|iPhone.Build.0 = Release|Any CPU
		{ED4EC168-C255-43C6-8A32-9DF0C94CA8CC}.Release|iPhoneSimulator.ActiveCfg = Release|Any CPU
		{ED4EC168-C255-43C6-8A32-9DF0C94CA8CC}.Release|iPhoneSimulator.Build.0 = Release|Any CPU
	EndGlobalSection
	GlobalSection(SolutionProperties) = preSolution
		HideSolutionNode = FALSE
	EndGlobalSection
	GlobalSection(ExtensibilityGlobals) = postSolution
		SolutionGuid = {B266765D-3540-4F48-8FF8-C162BD6CE630}
	EndGlobalSection
EndGlobal
